<?xml version="1.0" encoding="utf-8"?>
<Project ToolsVersion="4.0" xmlns="http://schemas.microsoft.com/developer/msbuild/2003">
  <ItemGroup>
    <Filter Include="Source Files">
      <UniqueIdentifier>{4FC737F1-C7A5-4376-A066-2A32D752A2FF}</UniqueIdentifier>
      <Extensions>cpp;c;cc;cxx;def;odl;idl;hpj;bat;asm;asmx</Extensions>
    </Filter>
    <Filter Include="Header Files">
      <UniqueIdentifier>{93995380-89BD-4b04-88EB-625FBE52EBFB}</UniqueIdentifier>
      <Extensions>h;hh;hpp;hxx;hm;inl;inc;ipp;xsd</Extensions>
    </Filter>
    <Filter Include="Resource Files">
      <UniqueIdentifier>{67DA6AB6-F800-4c08-8B7A-83BB121AAD01}</UniqueIdentifier>
      <Extensions>rc;ico;cur;bmp;dlg;rc2;rct;bin;rgs;gif;jpg;jpeg;jpe;resx;tiff;tif;png;wav;mfcribbon-ms</Extensions>
    </Filter>
    <Filter Include="Source Files\Shapes">
      <UniqueIdentifier>{7b38bbc4-ade0-41cb-877f-2d4095d1c453}</UniqueIdentifier>
    </Filter>
    <Filter Include="Source Files\tigl">
      <UniqueIdentifier>{76423b3f-f87c-4e34-9b39-f4968c809773}</UniqueIdentifier>
    </Filter>
    <Filter Include="Source Files\Model">
      <UniqueIdentifier>{73e5b948-b7bf-4f1c-b8a0-b2f15816d0de}</UniqueIdentifier>
    </Filter>
    <Filter Include="Header Files\modelHeaders">
      <UniqueIdentifier>{3dd25d59-a0ce-46a0-b874-5f089c88ad28}</UniqueIdentifier>
    </Filter>
    <Filter Include="Header Files\shapeHeaders">
      <UniqueIdentifier>{7c4eae69-c9f2-4de5-a53f-801314895dc0}</UniqueIdentifier>
    </Filter>
    <Filter Include="Source Files\FileIO">
      <UniqueIdentifier>{41efb20e-a51a-40d2-8c80-2ddcea952900}</UniqueIdentifier>
    </Filter>
    <Filter Include="Header Files\FileIOHeaders">
      <UniqueIdentifier>{38ab4b07-ab3e-4626-b5a5-4626cda9c448}</UniqueIdentifier>
    </Filter>
    <Filter Include="Source Files\Factories">
      <UniqueIdentifier>{6ba80041-0e6f-4e48-a7ae-f018e9353c65}</UniqueIdentifier>
    </Filter>
  </ItemGroup>
  <ItemGroup>
    <ClCompile Include="ARIndividueel.cpp">
      <Filter>Source Files</Filter>
    </ClCompile>
    <ClCompile Include="Cube.cpp">
      <Filter>Source Files\Shapes</Filter>
    </ClCompile>
    <ClCompile Include="tigl.cpp">
      <Filter>Source Files\tigl</Filter>
    </ClCompile>
    <ClCompile Include="Pyramid.cpp">
      <Filter>Source Files\Shapes</Filter>
    </ClCompile>
    <ClCompile Include="Shape.cpp">
      <Filter>Source Files\Shapes</Filter>
    </ClCompile>
    <ClCompile Include="Sphere.cpp">
      <Filter>Source Files\Shapes</Filter>
    </ClCompile>
    <ClCompile Include="ObjModel.cpp">
      <Filter>Source Files\Model</Filter>
    </ClCompile>
    <ClCompile Include="Texture.cpp">
      <Filter>Source Files\Model</Filter>
    </ClCompile>
    <ClCompile Include="Model.cpp">
      <Filter>Source Files\Model</Filter>
    </ClCompile>
    <ClCompile Include="ModelFactory.cpp">
      <Filter>Source Files\Factories</Filter>
    </ClCompile>
    <ClCompile Include="ShapeFactory.cpp">
      <Filter>Source Files\Factories</Filter>
    </ClCompile>
    <ClCompile Include="ModelFileReader.cpp">
      <Filter>Source Files\FileIO</Filter>
    </ClCompile>
  </ItemGroup>
  <ItemGroup>
    <ClInclude Include="tigl.h">
      <Filter>Header Files</Filter>
    </ClInclude>
    <ClInclude Include="ObjModel.h">
      <Filter>Header Files\modelHeaders</Filter>
    </ClInclude>
    <ClInclude Include="stb_image.h">
      <Filter>Header Files\modelHeaders</Filter>
    </ClInclude>
    <ClInclude Include="Cube.h">
      <Filter>Header Files\shapeHeaders</Filter>
    </ClInclude>
    <ClInclude Include="Pyramid.h">
      <Filter>Header Files\shapeHeaders</Filter>
    </ClInclude>
    <ClInclude Include="Shape.h">
      <Filter>Header Files\shapeHeaders</Filter>
    </ClInclude>
    <ClInclude Include="ShapeFactory.h">
      <Filter>Header Files\shapeHeaders</Filter>
    </ClInclude>
    <ClInclude Include="Shapes.h">
      <Filter>Header Files\shapeHeaders</Filter>
    </ClInclude>
    <ClInclude Include="Sphere.h">
      <Filter>Header Files\shapeHeaders</Filter>
    </ClInclude>
    <ClInclude Include="Texture.h">
      <Filter>Header Files\modelHeaders</Filter>
    </ClInclude>
    <ClInclude Include="Model.h">
      <Filter>Header Files\modelHeaders</Filter>
    </ClInclude>
    <ClInclude Include="ModelFactory.h">
      <Filter>Header Files\modelHeaders</Filter>
    </ClInclude>
    <ClInclude Include="ModelFileReader.h">
      <Filter>Header Files\FileIOHeaders</Filter>
    </ClInclude>
  </ItemGroup>
</Project>